{
  "name": "cc2145a2fe1558fa",
  "lockfileVersion": 3,
  "requires": true,
  "packages": {
    "": {
      "dependencies": {
        "create-next-app": "^16.1.7"
      }
    },
    "node_modules/create-next-app": {
      "version": "16.1.7",
      "resolved": "https://registry.npmjs.org/create-next-app/-/create-next-app-16.1.7.tgz",
      "integrity": "sha512-6K/K0oH6hOX2ZZDJJGF5t4qqY1cC/asUzPRmW3O9As59fmy1qTRg4XlmJdZcZikuBrV6FrDFeEwJt9gyyXd2Tw==",
      "license": "MIT",
      "bin": {
        "create-next-app": "dist/index.js"
      },
      "engines": {
        "node": ">=20.9.0"
      }
    }
  }
}
